
Microsoft Visual Studio Solution File, Format Version 12.00
# Visual Studio Version 16
VisualStudioVersion = 16.0.31229.75
MinimumVisualStudioVersion = 10.0.40219.1
Project("{FAE04EC0-301F-11D3-BF4B-00C04F79EFBC}") = "ControllersLayout.Android", "ControllersLayout\ControllersLayout.Android\ControllersLayout.Android.csproj", "{F5C92576-602D-42FF-A1EA-CBF0BD7EAAFF}"
EndProject
Project("{FAE04EC0-301F-11D3-BF4B-00C04F79EFBC}") = "ControllersLayout.iOS", "ControllersLayout\ControllersLayout.iOS\ControllersLayout.iOS.csproj", "{8FEAB9E6-75F2-4165-999C-187BDD4C5CCF}"
EndProject
Project("{FAE04EC0-301F-11D3-BF4B-00C04F79EFBC}") = "ControllersLayout", "ControllersLayout\ControllersLayout\ControllersLayout.csproj", "{5B376697-40F1-4809-AE21-9344DFBE976F}"
EndProject
Global
	GlobalSection(SolutionConfigurationPlatforms) = preSolution
		Debug|Any CPU = Debug|Any CPU
		Debug|iPhone = Debug|iPhone
		Debug|iPhoneSimulator = Debug|iPhoneSimulator
		Release|Any CPU = Release|Any CPU
		Release|iPhone = Release|iPhone
		Release|iPhoneSimulator = Release|iPhoneSimulator
	EndGlobalSection
	GlobalSection(ProjectConfigurationPlatforms) = postSolution
		{F5C92576-602D-42FF-A1EA-CBF0BD7EAAFF}.Debug|Any CPU.ActiveCfg = Debug|Any CPU
		{F5C92576-602D-42FF-A1EA-CBF0BD7EAAFF}.Debug|Any CPU.Build.0 = Debug|Any CPU
		{F5C92576-602D-42FF-A1EA-CBF0BD7EAAFF}.Debug|Any CPU.Deploy.0 = Debug|Any CPU
		{F5C92576-602D-42FF-A1EA-CBF0BD7EAAFF}.Debug|iPhone.ActiveCfg = Debug|Any CPU
		{F5C92576-602D-42FF-A1EA-CBF0BD7EAAFF}.Debug|iPhone.Build.0 = Debug|Any CPU
		{F5C92576-602D-42FF-A1EA-CBF0BD7EAAFF}.Debug|iPhone.Deploy.0 = Debug|Any CPU
		{F5C92576-602D-42FF-A1EA-CBF0BD7EAAFF}.Debug|iPhoneSimulator.ActiveCfg = Debug|Any CPU
		{F5C92576-602D-42FF-A1EA-CBF0BD7EAAFF}.Debug|iPhoneSimulator.Build.0 = Debug|Any CPU
		{F5C92576-602D-42FF-A1EA-CBF0BD7EAAFF}.Debug|iPhoneSimulator.Deploy.0 = Debug|Any CPU
		{F5C92576-602D-42FF-A1EA-CBF0BD7EAAFF}.Release|Any CPU.ActiveCfg = Release|Any CPU
		{F5C92576-602D-42FF-A1EA-CBF0BD7EAAFF}.Release|Any CPU.Build.0 = Release|Any CPU
		{F5C92576-602D-42FF-A1EA-CBF0BD7EAAFF}.Release|Any CPU.Deploy.0 = Release|Any CPU
		{F5C92576-602D-42FF-A1EA-CBF0BD7EAAFF}.Release|iPhone.ActiveCfg = Release|Any CPU
		{F5C92576-602D-42FF-A1EA-CBF0BD7EAAFF}.Release|iPhone.Build.0 = Release|Any CPU
		{F5C92576-602D-42FF-A1EA-CBF0BD7EAAFF}.Release|iPhone.Deploy.0 = Release|Any CPU
		{F5C92576-602D-42FF-A1EA-CBF0BD7EAAFF}.Release|iPhoneSimulator.ActiveCfg = Release|Any CPU
		{F5C92576-602D-42FF-A1EA-CBF0BD7EAAFF}.Release|iPhoneSimulator.Build.0 = Release|Any CPU
		{F5C92576-602D-42FF-A1EA-CBF0BD7EAAFF}.Release|iPhoneSimulator.Deploy.0 = Release|Any CPU
		{8FEAB9E6-75F2-4165-999C-187BDD4C5CCF}.Debug|Any CPU.ActiveCfg = Debug|iPhone
		{8FEAB9E6-75F2-4165-999C-187BDD4C5CCF}.Debug|Any CPU.Build.0 = Debug|iPhone
		{8FEAB9E6-75F2-4165-999C-187BDD4C5CCF}.Debug|Any CPU.Deploy.0 = Debug|iPhone
		{8FEAB9E6-75F2-4165-999C-187BDD4C5CCF}.Debug|iPhone.ActiveCfg = Debug|iPhone
		{8FEAB9E6-75F2-4165-999C-187BDD4C5CCF}.Debug|iPhone.Build.0 = Debug|iPhone
		{8FEAB9E6-75F2-4165-999C-187BDD4C5CCF}.Debug|iPhone.Deploy.0 = Debug|iPhone
		{8FEAB9E6-75F2-4165-999C-187BDD4C5CCF}.Debug|iPhoneSimulator.ActiveCfg = Debug|iPhoneSimulator
		{8FEAB9E6-75F2-4165-999C-187BDD4C5CCF}.Debug|iPhoneSimulator.Build.0 = Debug|iPhoneSimulator
		{8FEAB9E6-75F2-4165-999C-187BDD4C5CCF}.Debug|iPhoneSimulator.Deploy.0 = Debug|iPhoneSimulator
		{8FEAB9E6-75F2-4165-999C-187BDD4C5CCF}.Release|Any CPU.ActiveCfg = Release|iPhoneSimulator
		{8FEAB9E6-75F2-4165-999C-187BDD4C5CCF}.Release|Any CPU.Build.0 = Release|iPhoneSimulator
		{8FEAB9E6-75F2-4165-999C-187BDD4C5CCF}.Release|Any CPU.Deploy.0 = Release|iPhoneSimulator
		{8FEAB9E6-75F2-4165-999C-187BDD4C5CCF}.Release|iPhone.ActiveCfg = Release|iPhone
		{8FEAB9E6-75F2-4165-999C-187BDD4C5CCF}.Release|iPhone.Build.0 = Release|iPhone
		{8FEAB9E6-75F2-4165-999C-187BDD4C5CCF}.Release|iPhone.Deploy.0 = Release|iPhone
		{8FEAB9E6-75F2-4165-999C-187BDD4C5CCF}.Release|iPhoneSimulator.ActiveCfg = Release|iPhoneSimulator
		{8FEAB9E6-75F2-4165-999C-187BDD4C5CCF}.Release|iPhoneSimulator.Build.0 = Release|iPhoneSimulator
		{8FEAB9E6-75F2-4165-999C-187BDD4C5CCF}.Release|iPhoneSimulator.Deploy.0 = Release|iPhoneSimulator
		{5B376697-40F1-4809-AE21-9344DFBE976F}.Debug|Any CPU.ActiveCfg = Debug|Any CPU
		{5B376697-40F1-4809-AE21-9344DFBE976F}.Debug|Any CPU.Build.0 = Debug|Any CPU
		{5B376697-40F1-4809-AE21-9344DFBE976F}.Debug|Any CPU.Deploy.0 = Debug|Any CPU
		{5B376697-40F1-4809-AE21-9344DFBE976F}.Debug|iPhone.ActiveCfg = Debug|Any CPU
		{5B376697-40F1-4809-AE21-9344DFBE976F}.Debug|iPhone.Build.0 = Debug|Any CPU
		{5B376697-40F1-4809-AE21-9344DFBE976F}.Debug|iPhone.Deploy.0 = Debug|Any CPU
		{5B376697-40F1-4809-AE21-9344DFBE976F}.Debug|iPhoneSimulator.ActiveCfg = Debug|Any CPU
		{5B376697-40F1-4809-AE21-9344DFBE976F}.Debug|iPhoneSimulator.Build.0 = Debug|Any CPU
		{5B376697-40F1-4809-AE21-9344DFBE976F}.Debug|iPhoneSimulator.Deploy.0 = Debug|Any CPU
		{5B376697-40F1-4809-AE21-9344DFBE976F}.Release|Any CPU.ActiveCfg = Release|Any CPU
		{5B376697-40F1-4809-AE21-9344DFBE976F}.Release|Any CPU.Build.0 = Release|Any CPU
		{5B376697-40F1-4809-AE21-9344DFBE976F}.Release|Any CPU.Deploy.0 = Release|Any CPU
		{5B376697-40F1-4809-AE21-9344DFBE976F}.Release|iPhone.ActiveCfg = Release|Any CPU
		{5B376697-40F1-4809-AE21-9344DFBE976F}.Release|iPhone.Build.0 = Release|Any CPU
		{5B376697-40F1-4809-AE21-9344DFBE976F}.Release|iPhone.Deploy.0 = Release|Any CPU
		{5B376697-40F1-4809-AE21-9344DFBE976F}.Release|iPhoneSimulator.ActiveCfg = Release|Any CPU
		{5B376697-40F1-4809-AE21-9344DFBE976F}.Release|iPhoneSimulator.Build.0 = Release|Any CPU
		{5B376697-40F1-4809-AE21-9344DFBE976F}.Release|iPhoneSimulator.Deploy.0 = Release|Any CPU
	EndGlobalSection
	GlobalSection(SolutionProperties) = preSolution
		HideSolutionNode = FALSE
	EndGlobalSection
	GlobalSection(ExtensibilityGlobals) = postSolution
		SolutionGuid = {9EBE0EDA-65D6-4461-8D7C-5253D8ED9184}
	EndGlobalSection
EndGlobal
